github.com/askeladdk/prattle v1.0.0 h1:B/uIYnHu7FVKfb4JbDMKl4pVk1uGz0OE9UPsMfsLSe0=
github.com/askeladdk/prattle v1.0.0/go.mod h1:lOKKz//Zm7KEm+kRp40bfLw4acggc80sI7EfxNZ+yJg=
github.com/yuin/goldmark v1.7.13 h1:GPddIs617DnBLFFVJFgpo1aBfe/4xcvMc3SB5t/D0pA=
github.com/yuin/goldmark v1.7.13/go.mod h1:ip/1k0VRfGynBgxOz0yCqHrbZXhcjxyuS66Brc7iBKg=
